<?xml version="1.0" encoding="UTF-8" standalone="yes" ?>
<CodeBlocks_project_file>
	<FileVersion major="1" minor="6" />
	<Project>
		<Option title="tradXX" />
		<Option pch_mode="2" />
		<Option compiler="gcc" />
		<Build>
			<Target title="Debug (client)">
				<Option output="bin/Debug/tradXX" prefix_auto="1" extension_auto="1" />
				<Option object_output="obj/Debug/" />
				<Option type="1" />
				<Option compiler="gcc" />
				<Compiler>
					<Add option="-g" />
				</Compiler>
			</Target>
			<Target title="Release (client)">
				<Option output="bin/Release/tradXX" prefix_auto="1" extension_auto="1" />
				<Option object_output="obj/Release/" />
				<Option type="1" />
				<Option compiler="gcc" />
				<Compiler>
					<Add option="-O2" />
				</Compiler>
				<Linker>
					<Add option="-s" />
				</Linker>
			</Target>
			<Target title="Debug (server)">
				<Option output="tradXX" prefix_auto="1" extension_auto="1" />
				<Option type="0" />
				<Option compiler="gcc" />
			</Target>
			<Target title="Release (server)">
				<Option output="tradXX" prefix_auto="1" extension_auto="1" />
				<Option type="0" />
				<Option compiler="gcc" />
			</Target>
		</Build>
		<Compiler>
			<Add option="-Wall" />
			<Add option="`pkg-config --cflags gtkmm-3.0`" />
		</Compiler>
		<Linker>
			<Add option="`pkg-config --libs gtkmm-3.0`" />
			<Add library="gtkmm-3.0" />
		</Linker>
		<Unit filename="client/main.cpp">
			<Option target="Debug (client)" />
			<Option target="Release (client)" />
		</Unit>
		<Unit filename="server/main.cpp">
			<Option target="Release (server)" />
			<Option target="Debug (server)" />
		</Unit>
		<Extensions>
			<code_completion />
			<debugger />
		</Extensions>
	</Project>
</CodeBlocks_project_file>
